// !$*UTF8*$!
{
	archiveVersion = 1;
	classes = {
	};
	objectVersion = 56;
	objects = {

/* Begin PBXBuildFile section */
		3875ABAA2AFF815200C03D62 /* JMBeDataApp.swift in Sources */ = {isa = PBXBuildFile; fileRef = 3875ABA92AFF815200C03D62 /* JMBeDataApp.swift */; };
		3875ABAC2AFF815200C03D62 /* Persistence.swift in Sources */ = {isa = PBXBuildFile; fileRef = 3875ABAB2AFF815200C03D62 /* Persistence.swift */; };
		3875ABAF2AFF815200C03D62 /* JMBeData.xcdatamodeld in Sources */ = {isa = PBXBuildFile; fileRef = 3875ABAD2AFF815200C03D62 /* JMBeData.xcdatamodeld */; };
		3875ABB12AFF815200C03D62 /* ContentView.swift in Sources */ = {isa = PBXBuildFile; fileRef = 3875ABB02AFF815200C03D62 /* ContentView.swift */; };
		3875ABB32AFF815D00C03D62 /* Assets.xcassets in Resources */ = {isa = PBXBuildFile; fileRef = 3875ABB22AFF815D00C03D62 /* Assets.xcassets */; };
		3875ABB72AFF815D00C03D62 /* Preview Assets.xcassets in Resources */ = {isa = PBXBuildFile; fileRef = 3875ABB62AFF815D00C03D62 /* Preview Assets.xcassets */; };
		3875ABC12AFF815E00C03D62 /* JMBeDataTests.swift in Sources */ = {isa = PBXBuildFile; fileRef = 3875ABC02AFF815E00C03D62 /* JMBeDataTests.swift */; };
		3875ABCB2AFF815E00C03D62 /* JMBeDataUITests.swift in Sources */ = {isa = PBXBuildFile; fileRef = 3875ABCA2AFF815E00C03D62 /* JMBeDataUITests.swift */; };
		3875ABCD2AFF815E00C03D62 /* JMBeDataUITestsLaunchTests.swift in Sources */ = {isa = PBXBuildFile; fileRef = 3875ABCC2AFF815E00C03D62 /* JMBeDataUITestsLaunchTests.swift */; };
/* End PBXBuildFile section */

/* Begin PBXContainerItemProxy section */
		3875ABBD2AFF815E00C03D62 /* PBXContainerItemProxy */ = {
			isa = PBXContainerItemProxy;
			containerPortal = 3875AB9E2AFF815200C03D62 /* Project object */;
			proxyType = 1;
			remoteGlobalIDString = 3875ABA52AFF815200C03D62;
			remoteInfo = JMBeData;
		};
		3875ABC72AFF815E00C03D62 /* PBXContainerItemProxy */ = {
			isa = PBXContainerItemProxy;
			containerPortal = 3875AB9E2AFF815200C03D62 /* Project object */;
			proxyType = 1;
			remoteGlobalIDString = 3875ABA52AFF815200C03D62;
			remoteInfo = JMBeData;
		};
/* End PBXContainerItemProxy section */

/* Begin PBXFileReference section */
		3875ABA62AFF815200C03D62 /* JMBeData.app */ = {isa = PBXFileReference; explicitFileType = wrapper.application; includeInIndex = 0; path = JMBeData.app; sourceTree = BUILT_PRODUCTS_DIR; };
		3875ABA92AFF815200C03D62 /* JMBeDataApp.swift */ = {isa = PBXFileReference; lastKnownFileType = sourcecode.swift; path = JMBeDataApp.swift; sourceTree = "<group>"; };
		3875ABAB2AFF815200C03D62 /* Persistence.swift */ = {isa = PBXFileReference; lastKnownFileType = sourcecode.swift; path = Persistence.swift; sourceTree = "<group>"; };
		3875ABAE2AFF815200C03D62 /* JMBeData.xcdatamodel */ = {isa = PBXFileReference; lastKnownFileType = wrapper.xcdatamodel; path = JMBeData.xcdatamodel; sourceTree = "<group>"; };
		3875ABB02AFF815200C03D62 /* ContentView.swift */ = {isa = PBXFileReference; lastKnownFileType = sourcecode.swift; path = ContentView.swift; sourceTree = "<group>"; };
		3875ABB22AFF815D00C03D62 /* Assets.xcassets */ = {isa = PBXFileReference; lastKnownFileType = folder.assetcatalog; path = Assets.xcassets; sourceTree = "<group>"; };
		3875ABB42AFF815D00C03D62 /* JMBeData.entitlements */ = {isa = PBXFileReference; lastKnownFileType = text.plist.entitlements; path = JMBeData.entitlements; sourceTree = "<group>"; };
		3875ABB62AFF815D00C03D62 /* Preview Assets.xcassets */ = {isa = PBXFileReference; lastKnownFileType = folder.assetcatalog; path = "Preview Assets.xcassets"; sourceTree = "<group>"; };
		3875ABBC2AFF815E00C03D62 /* JMBeDataTests.xctest */ = {isa = PBXFileReference; explicitFileType = wrapper.cfbundle; includeInIndex = 0; path = JMBeDataTests.xctest; sourceTree = BUILT_PRODUCTS_DIR; };
		3875ABC02AFF815E00C03D62 /* JMBeDataTests.swift */ = {isa = PBXFileReference; lastKnownFileType = sourcecode.swift; path = JMBeDataTests.swift; sourceTree = "<group>"; };
		3875ABC62AFF815E00C03D62 /* JMBeDataUITests.xctest */ = {isa = PBXFileReference; explicitFileType = wrapper.cfbundle; includeInIndex = 0; path = JMBeDataUITests.xctest; sourceTree = BUILT_PRODUCTS_DIR; };
		3875ABCA2AFF815E00C03D62 /* JMBeDataUITests.swift */ = {isa = PBXFileReference; lastKnownFileType = sourcecode.swift; path = JMBeDataUITests.swift; sourceTree = "<group>"; };
		3875ABCC2AFF815E00C03D62 /* JMBeDataUITestsLaunchTests.swift */ = {isa = PBXFileReference; lastKnownFileType = sourcecode.swift; path = JMBeDataUITestsLaunchTests.swift; sourceTree = "<group>"; };
/* End PBXFileReference section */

/* Begin PBXFrameworksBuildPhase section */
		3875ABA32AFF815200C03D62 /* Frameworks */ = {
			isa = PBXFrameworksBuildPhase;
			buildActionMask = 2147483647;
			files = (
			);
			runOnlyForDeploymentPostprocessing = 0;
		};
		3875ABB92AFF815E00C03D62 /* Frameworks */ = {
			isa = PBXFrameworksBuildPhase;
			buildActionMask = 2147483647;
			files = (
			);
			runOnlyForDeploymentPostprocessing = 0;
		};
		3875ABC32AFF815E00C03D62 /* Frameworks */ = {
			isa = PBXFrameworksBuildPhase;
			buildActionMask = 2147483647;
			files = (
			);
			runOnlyForDeploymentPostprocessing = 0;
		};
/* End PBXFrameworksBuildPhase section */

/* Begin PBXGroup section */
		3875AB9D2AFF815200C03D62 = {
			isa = PBXGroup;
			children = (
				3875ABA82AFF815200C03D62 /* JMBeData */,
				3875ABBF2AFF815E00C03D62 /* JMBeDataTests */,
				3875ABC92AFF815E00C03D62 /* JMBeDataUITests */,
				3875ABA72AFF815200C03D62 /* Products */,
			);
			sourceTree = "<group>";
		};
		3875ABA72AFF815200C03D62 /* Products */ = {
			isa = PBXGroup;
			children = (
				3875ABA62AFF815200C03D62 /* JMBeData.app */,
				3875ABBC2AFF815E00C03D62 /* JMBeDataTests.xctest */,
				3875ABC62AFF815E00C03D62 /* JMBeDataUITests.xctest */,
			);
			name = Products;
			sourceTree = "<group>";
		};
		3875ABA82AFF815200C03D62 /* JMBeData */ = {
			isa = PBXGroup;
			children = (
				3875ABA92AFF815200C03D62 /* JMBeDataApp.swift */,
				3875ABAB2AFF815200C03D62 /* Persistence.swift */,
				3875ABB02AFF815200C03D62 /* ContentView.swift */,
				3875ABB22AFF815D00C03D62 /* Assets.xcassets */,
				3875ABB42AFF815D00C03D62 /* JMBeData.entitlements */,
				3875ABAD2AFF815200C03D62 /* JMBeData.xcdatamodeld */,
				3875ABB52AFF815D00C03D62 /* Preview Content */,
			);
			path = JMBeData;
			sourceTree = "<group>";
		};
		3875ABB52AFF815D00C03D62 /* Preview Content */ = {
			isa = PBXGroup;
			children = (
				3875ABB62AFF815D00C03D62 /* Preview Assets.xcassets */,
			);
			path = "Preview Content";
			sourceTree = "<group>";
		};
		3875ABBF2AFF815E00C03D62 /* JMBeDataTests */ = {
			isa = PBXGroup;
			children = (
				3875ABC02AFF815E00C03D62 /* JMBeDataTests.swift */,
			);
			path = JMBeDataTests;
			sourceTree = "<group>";
		};
		3875ABC92AFF815E00C03D62 /* JMBeDataUITests */ = {
			isa = PBXGroup;
			children = (
				3875ABCA2AFF815E00C03D62 /* JMBeDataUITests.swift */,
				3875ABCC2AFF815E00C03D62 /* JMBeDataUITestsLaunchTests.swift */,
			);
			path = JMBeDataUITests;
			sourceTree = "<group>";
		};
/* End PBXGroup section */

/* Begin PBXNativeTarget section */
		3875ABA52AFF815200C03D62 /* JMBeData */ = {
			isa = PBXNativeTarget;
			buildConfigurationList = 3875ABD02AFF815E00C03D62 /* Build configuration list for PBXNativeTarget "JMBeData" */;
			buildPhases = (
				3875ABA22AFF815200C03D62 /* Sources */,
				3875ABA32AFF815200C03D62 /* Frameworks */,
				3875ABA42AFF815200C03D62 /* Resources */,
			);
			buildRules = (
			);
			dependencies = (
			);
			name = JMBeData;
			productName = JMBeData;
			productReference = 3875ABA62AFF815200C03D62 /* JMBeData.app */;
			productType = "com.apple.product-type.application";
		};
		3875ABBB2AFF815E00C03D62 /* JMBeDataTests */ = {
			isa = PBXNativeTarget;
			buildConfigurationList = 3875ABD32AFF815E00C03D62 /* Build configuration list for PBXNativeTarget "JMBeDataTests" */;
			buildPhases = (
				3875ABB82AFF815E00C03D62 /* Sources */,
				3875ABB92AFF815E00C03D62 /* Frameworks */,
				3875ABBA2AFF815E00C03D62 /* Resources */,
			);
			buildRules = (
			);
			dependencies = (
				3875ABBE2AFF815E00C03D62 /* PBXTargetDependency */,
			);
			name = JMBeDataTests;
			productName = JMBeDataTests;
			productReference = 3875ABBC2AFF815E00C03D62 /* JMBeDataTests.xctest */;
			productType = "com.apple.product-type.bundle.unit-test";
		};
		3875ABC52AFF815E00C03D62 /* JMBeDataUITests */ = {
			isa = PBXNativeTarget;
			buildConfigurationList = 3875ABD62AFF815E00C03D62 /* Build configuration list for PBXNativeTarget "JMBeDataUITests" */;
			buildPhases = (
				3875ABC22AFF815E00C03D62 /* Sources */,
				3875ABC32AFF815E00C03D62 /* Frameworks */,
				3875ABC42AFF815E00C03D62 /* Resources */,
			);
			buildRules = (
			);
			dependencies = (
				3875ABC82AFF815E00C03D62 /* PBXTargetDependency */,
			);
			name = JMBeDataUITests;
			productName = JMBeDataUITests;
			productReference = 3875ABC62AFF815E00C03D62 /* JMBeDataUITests.xctest */;
			productType = "com.apple.product-type.bundle.ui-testing";
		};
/* End PBXNativeTarget section */

/* Begin PBXProject section */
		3875AB9E2AFF815200C03D62 /* Project object */ = {
			isa = PBXProject;
			attributes = {
				BuildIndependentTargetsInParallel = 1;
				LastSwiftUpdateCheck = 1500;
				LastUpgradeCheck = 1500;
				TargetAttributes = {
					3875ABA52AFF815200C03D62 = {
						CreatedOnToolsVersion = 15.0.1;
					};
					3875ABBB2AFF815E00C03D62 = {
						CreatedOnToolsVersion = 15.0.1;
						TestTargetID = 3875ABA52AFF815200C03D62;
					};
					3875ABC52AFF815E00C03D62 = {
						CreatedOnToolsVersion = 15.0.1;
						TestTargetID = 3875ABA52AFF815200C03D62;
					};
				};
			};
			buildConfigurationList = 3875ABA12AFF815200C03D62 /* Build configuration list for PBXProject "JMBeData" */;
			compatibilityVersion = "Xcode 14.0";
			developmentRegion = en;
			hasScannedForEncodings = 0;
			knownRegions = (
				en,
				Base,
			);
			mainGroup = 3875AB9D2AFF815200C03D62;
			productRefGroup = 3875ABA72AFF815200C03D62 /* Products */;
			projectDirPath = "";
			projectRoot = "";
			targets = (
				3875ABA52AFF815200C03D62 /* JMBeData */,
				3875ABBB2AFF815E00C03D62 /* JMBeDataTests */,
				3875ABC52AFF815E00C03D62 /* JMBeDataUITests */,
			);
		};
/* End PBXProject section */

/* Begin PBXResourcesBuildPhase section */
		3875ABA42AFF815200C03D62 /* Resources */ = {
			isa = PBXResourcesBuildPhase;
			buildActionMask = 2147483647;
			files = (
				3875ABB72AFF815D00C03D62 /* Preview Assets.xcassets in Resources */,
				3875ABB32AFF815D00C03D62 /* Assets.xcassets in Resources */,
			);
			runOnlyForDeploymentPostprocessing = 0;
		};
		3875ABBA2AFF815E00C03D62 /* Resources */ = {
			isa = PBXResourcesBuildPhase;
			buildActionMask = 2147483647;
			files = (
			);
			runOnlyForDeploymentPostprocessing = 0;
		};
		3875ABC42AFF815E00C03D62 /* Resources */ = {
			isa = PBXResourcesBuildPhase;
			buildActionMask = 2147483647;
			files = (
			);
			runOnlyForDeploymentPostprocessing = 0;
		};
/* End PBXResourcesBuildPhase section */

/* Begin PBXSourcesBuildPhase section */
		3875ABA22AFF815200C03D62 /* Sources */ = {
			isa = PBXSourcesBuildPhase;
			buildActionMask = 2147483647;
			files = (
				3875ABAA2AFF815200C03D62 /* JMBeDataApp.swift in Sources */,
				3875ABAC2AFF815200C03D62 /* Persistence.swift in Sources */,
				3875ABB12AFF815200C03D62 /* ContentView.swift in Sources */,
				3875ABAF2AFF815200C03D62 /* JMBeData.xcdatamodeld in Sources */,
			);
			runOnlyForDeploymentPostprocessing = 0;
		};
		3875ABB82AFF815E00C03D62 /* Sources */ = {
			isa = PBXSourcesBuildPhase;
			buildActionMask = 2147483647;
			files = (
				3875ABC12AFF815E00C03D62 /* JMBeDataTests.swift in Sources */,
			);
			runOnlyForDeploymentPostprocessing = 0;
		};
		3875ABC22AFF815E00C03D62 /* Sources */ = {
			isa = PBXSourcesBuildPhase;
			buildActionMask = 2147483647;
			files = (
				3875ABCD2AFF815E00C03D62 /* JMBeDataUITestsLaunchTests.swift in Sources */,
				3875ABCB2AFF815E00C03D62 /* JMBeDataUITests.swift in Sources */,
			);
			runOnlyForDeploymentPostprocessing = 0;
		};
/* End PBXSourcesBuildPhase section */

/* Begin PBXTargetDependency section */
		3875ABBE2AFF815E00C03D62 /* PBXTargetDependency */ = {
			isa = PBXTargetDependency;
			target = 3875ABA52AFF815200C03D62 /* JMBeData */;
			targetProxy = 3875ABBD2AFF815E00C03D62 /* PBXContainerItemProxy */;
		};
		3875ABC82AFF815E00C03D62 /* PBXTargetDependency */ = {
			isa = PBXTargetDependency;
			target = 3875ABA52AFF815200C03D62 /* JMBeData */;
			targetProxy = 3875ABC72AFF815E00C03D62 /* PBXContainerItemProxy */;
		};
/* End PBXTargetDependency section */

/* Begin XCBuildConfiguration section */
		3875ABCE2AFF815E00C03D62 /* Debug */ = {
			isa = XCBuildConfiguration;
			buildSettings = {
				ALWAYS_SEARCH_USER_PATHS = NO;
				ASSETCATALOG_COMPILER_GENERATE_SWIFT_ASSET_SYMBOL_EXTENSIONS = YES;
				CLANG_ANALYZER_NONNULL = YES;
				CLANG_ANALYZER_NUMBER_OBJECT_CONVERSION = YES_AGGRESSIVE;
				CLANG_CXX_LANGUAGE_STANDARD = "gnu++20";
				CLANG_ENABLE_MODULES = YES;
				CLANG_ENABLE_OBJC_ARC = YES;
				CLANG_ENABLE_OBJC_WEAK = YES;
				CLANG_WARN_BLOCK_CAPTURE_AUTORELEASING = YES;
				CLANG_WARN_BOOL_CONVERSION = YES;
				CLANG_WARN_COMMA = YES;
				CLANG_WARN_CONSTANT_CONVERSION = YES;
				CLANG_WARN_DEPRECATED_OBJC_IMPLEMENTATIONS = YES;
				CLANG_WARN_DIRECT_OBJC_ISA_USAGE = YES_ERROR;
				CLANG_WARN_DOCUMENTATION_COMMENTS = YES;
				CLANG_WARN_EMPTY_BODY = YES;
				CLANG_WARN_ENUM_CONVERSION = YES;
				CLANG_WARN_INFINITE_RECURSION = YES;
				CLANG_WARN_INT_CONVERSION = YES;
				CLANG_WARN_NON_LITERAL_NULL_CONVERSION = YES;
				CLANG_WARN_OBJC_IMPLICIT_RETAIN_SELF = YES;
				CLANG_WARN_OBJC_LITERAL_CONVERSION = YES;
				CLANG_WARN_OBJC_ROOT_CLASS = YES_ERROR;
				CLANG_WARN_QUOTED_INCLUDE_IN_FRAMEWORK_HEADER = YES;
				CLANG_WARN_RANGE_LOOP_ANALYSIS = YES;
				CLANG_WARN_STRICT_PROTOTYPES = YES;
				CLANG_WARN_SUSPICIOUS_MOVE = YES;
				CLANG_WARN_UNGUARDED_AVAILABILITY = YES_AGGRESSIVE;
				CLANG_WARN_UNREACHABLE_CODE = YES;
				CLANG_WARN__DUPLICATE_METHOD_MATCH = YES;
				COPY_PHASE_STRIP = NO;
				DEBUG_INFORMATION_FORMAT = dwarf;
				ENABLE_STRICT_OBJC_MSGSEND = YES;
				ENABLE_TESTABILITY = YES;
				ENABLE_USER_SCRIPT_SANDBOXING = YES;
				GCC_C_LANGUAGE_STANDARD = gnu17;
				GCC_DYNAMIC_NO_PIC = NO;
				GCC_NO_COMMON_BLOCKS = YES;
				GCC_OPTIMIZATION_LEVEL = 0;
				GCC_PREPROCESSOR_DEFINITIONS = (
					"DEBUG=1",
					"$(inherited)",
				);
				GCC_WARN_64_TO_32_BIT_CONVERSION = YES;
				GCC_WARN_ABOUT_RETURN_TYPE = YES_ERROR;
				GCC_WARN_UNDECLARED_SELECTOR = YES;
				GCC_WARN_UNINITIALIZED_AUTOS = YES_AGGRESSIVE;
				GCC_WARN_UNUSED_FUNCTION = YES;
				GCC_WARN_UNUSED_VARIABLE = YES;
				LOCALIZATION_PREFERS_STRING_CATALOGS = YES;
				MTL_ENABLE_DEBUG_INFO = INCLUDE_SOURCE;
				MTL_FAST_MATH = YES;
				ONLY_ACTIVE_ARCH = YES;
				RUN_DOCUMENTATION_COMPILER = YES;
				SWIFT_ACTIVE_COMPILATION_CONDITIONS = "DEBUG $(inherited)";
				SWIFT_OPTIMIZATION_LEVEL = "-Onone";
			};
			name = Debug;
		};
		3875ABCF2AFF815E00C03D62 /* Release */ = {
			isa = XCBuildConfiguration;
			buildSettings = {
				ALWAYS_SEARCH_USER_PATHS = NO;
				ASSETCATALOG_COMPILER_GENERATE_SWIFT_ASSET_SYMBOL_EXTENSIONS = YES;
				CLANG_ANALYZER_NONNULL = YES;
				CLANG_ANALYZER_NUMBER_OBJECT_CONVERSION = YES_AGGRESSIVE;
				CLANG_CXX_LANGUAGE_STANDARD = "gnu++20";
				CLANG_ENABLE_MODULES = YES;
				CLANG_ENABLE_OBJC_ARC = YES;
				CLANG_ENABLE_OBJC_WEAK = YES;
				CLANG_WARN_BLOCK_CAPTURE_AUTORELEASING = YES;
				CLANG_WARN_BOOL_CONVERSION = YES;
				CLANG_WARN_COMMA = YES;
				CLANG_WARN_CONSTANT_CONVERSION = YES;
				CLANG_WARN_DEPRECATED_OBJC_IMPLEMENTATIONS = YES;
				CLANG_WARN_DIRECT_OBJC_ISA_USAGE = YES_ERROR;
				CLANG_WARN_DOCUMENTATION_COMMENTS = YES;
				CLANG_WARN_EMPTY_BODY = YES;
				CLANG_WARN_ENUM_CONVERSION = YES;
				CLANG_WARN_INFINITE_RECURSION = YES;
				CLANG_WARN_INT_CONVERSION = YES;
				CLANG_WARN_NON_LITERAL_NULL_CONVERSION = YES;
				CLANG_WARN_OBJC_IMPLICIT_RETAIN_SELF = YES;
				CLANG_WARN_OBJC_LITERAL_CONVERSION = YES;
				CLANG_WARN_OBJC_ROOT_CLASS = YES_ERROR;
				CLANG_WARN_QUOTED_INCLUDE_IN_FRAMEWORK_HEADER = YES;
				CLANG_WARN_RANGE_LOOP_ANALYSIS = YES;
				CLANG_WARN_STRICT_PROTOTYPES = YES;
				CLANG_WARN_SUSPICIOUS_MOVE = YES;
				CLANG_WARN_UNGUARDED_AVAILABILITY = YES_AGGRESSIVE;
				CLANG_WARN_UNREACHABLE_CODE = YES;
				CLANG_WARN__DUPLICATE_METHOD_MATCH = YES;
				COPY_PHASE_STRIP = NO;
				DEBUG_INFORMATION_FORMAT = "dwarf-with-dsym";
				ENABLE_NS_ASSERTIONS = NO;
				ENABLE_STRICT_OBJC_MSGSEND = YES;
				ENABLE_USER_SCRIPT_SANDBOXING = YES;
				GCC_C_LANGUAGE_STANDARD = gnu17;
				GCC_NO_COMMON_BLOCKS = YES;
				GCC_WARN_64_TO_32_BIT_CONVERSION = YES;
				GCC_WARN_ABOUT_RETURN_TYPE = YES_ERROR;
				GCC_WARN_UNDECLARED_SELECTOR = YES;
				GCC_WARN_UNINITIALIZED_AUTOS = YES_AGGRESSIVE;
				GCC_WARN_UNUSED_FUNCTION = YES;
				GCC_WARN_UNUSED_VARIABLE = YES;
				LOCALIZATION_PREFERS_STRING_CATALOGS = YES;
				MTL_ENABLE_DEBUG_INFO = NO;
				MTL_FAST_MATH = YES;
				RUN_DOCUMENTATION_COMPILER = YES;
				SWIFT_COMPILATION_MODE = wholemodule;
			};
			name = Release;
		};
		3875ABD12AFF815E00C03D62 /* Debug */ = {
			isa = XCBuildConfiguration;
			buildSettings = {
				ASSETCATALOG_COMPILER_APPICON_NAME = AppIcon;
				ASSETCATALOG_COMPILER_GLOBAL_ACCENT_COLOR_NAME = AccentColor;
				CODE_SIGN_ENTITLEMENTS = JMBeData/JMBeData.entitlements;
				CODE_SIGN_STYLE = Automatic;
				CURRENT_PROJECT_VERSION = 1;
				DEVELOPMENT_ASSET_PATHS = "\"JMBeData/Preview Content\"";
				ENABLE_PREVIEWS = YES;
				GENERATE_INFOPLIST_FILE = YES;
				"INFOPLIST_KEY_UIApplicationSceneManifest_Generation[sdk=iphoneos*]" = YES;
				"INFOPLIST_KEY_UIApplicationSceneManifest_Generation[sdk=iphonesimulator*]" = YES;
				"INFOPLIST_KEY_UIApplicationSupportsIndirectInputEvents[sdk=iphoneos*]" = YES;
				"INFOPLIST_KEY_UIApplicationSupportsIndirectInputEvents[sdk=iphonesimulator*]" = YES;
				"INFOPLIST_KEY_UILaunchScreen_Generation[sdk=iphoneos*]" = YES;
				"INFOPLIST_KEY_UILaunchScreen_Generation[sdk=iphonesimulator*]" = YES;
				"INFOPLIST_KEY_UIStatusBarStyle[sdk=iphoneos*]" = UIStatusBarStyleDefault;
				"INFOPLIST_KEY_UIStatusBarStyle[sdk=iphonesimulator*]" = UIStatusBarStyleDefault;
				INFOPLIST_KEY_UISupportedInterfaceOrientations_iPad = "UIInterfaceOrientationPortrait UIInterfaceOrientationPortraitUpsideDown UIInterfaceOrientationLandscapeLeft UIInterfaceOrientationLandscapeRight";
				INFOPLIST_KEY_UISupportedInterfaceOrientations_iPhone = "UIInterfaceOrientationPortrait UIInterfaceOrientationLandscapeLeft UIInterfaceOrientationLandscapeRight";
				IPHONEOS_DEPLOYMENT_TARGET = 17.0;
				LD_RUNPATH_SEARCH_PATHS = "@executable_path/Frameworks";
				"LD_RUNPATH_SEARCH_PATHS[sdk=macosx*]" = "@executable_path/../Frameworks";
				MACOSX_DEPLOYMENT_TARGET = 13.6;
				MARKETING_VERSION = 1.0;
				PRODUCT_BUNDLE_IDENTIFIER = JM.JMBeData;
				PRODUCT_NAME = "$(TARGET_NAME)";
				SDKROOT = auto;
				SUPPORTED_PLATFORMS = "iphoneos iphonesimulator macosx";
				SWIFT_EMIT_LOC_STRINGS = YES;
				SWIFT_VERSION = 5.0;
				TARGETED_DEVICE_FAMILY = "1,2";
			};
			name = Debug;
		};
		3875ABD22AFF815E00C03D62 /* Release */ = {
			isa = XCBuildConfiguration;
			buildSettings = {
				ASSETCATALOG_COMPILER_APPICON_NAME = AppIcon;
				ASSETCATALOG_COMPILER_GLOBAL_ACCENT_COLOR_NAME = AccentColor;
				CODE_SIGN_ENTITLEMENTS = JMBeData/JMBeData.entitlements;
				CODE_SIGN_STYLE = Automatic;
				CURRENT_PROJECT_VERSION = 1;
				DEVELOPMENT_ASSET_PATHS = "\"JMBeData/Preview Content\"";
				ENABLE_PREVIEWS = YES;
				GENERATE_INFOPLIST_FILE = YES;
				"INFOPLIST_KEY_UIApplicationSceneManifest_Generation[sdk=iphoneos*]" = YES;
				"INFOPLIST_KEY_UIApplicationSceneManifest_Generation[sdk=iphonesimulator*]" = YES;
				"INFOPLIST_KEY_UIApplicationSupportsIndirectInputEvents[sdk=iphoneos*]" = YES;
				"INFOPLIST_KEY_UIApplicationSupportsIndirectInputEvents[sdk=iphonesimulator*]" = YES;
				"INFOPLIST_KEY_UILaunchScreen_Generation[sdk=iphoneos*]" = YES;
				"INFOPLIST_KEY_UILaunchScreen_Generation[sdk=iphonesimulator*]" = YES;
				"INFOPLIST_KEY_UIStatusBarStyle[sdk=iphoneos*]" = UIStatusBarStyleDefault;
				"INFOPLIST_KEY_UIStatusBarStyle[sdk=iphonesimulator*]" = UIStatusBarStyleDefault;
				INFOPLIST_KEY_UISupportedInterfaceOrientations_iPad = "UIInterfaceOrientationPortrait UIInterfaceOrientationPortraitUpsideDown UIInterfaceOrientationLandscapeLeft UIInterfaceOrientationLandscapeRight";
				INFOPLIST_KEY_UISupportedInterfaceOrientations_iPhone = "UIInterfaceOrientationPortrait UIInterfaceOrientationLandscapeLeft UIInterfaceOrientationLandscapeRight";
				IPHONEOS_DEPLOYMENT_TARGET = 17.0;
				LD_RUNPATH_SEARCH_PATHS = "@executable_path/Frameworks";
				"LD_RUNPATH_SEARCH_PATHS[sdk=macosx*]" = "@executable_path/../Frameworks";
				MACOSX_DEPLOYMENT_TARGET = 13.6;
				MARKETING_VERSION = 1.0;
				PRODUCT_BUNDLE_IDENTIFIER = JM.JMBeData;
				PRODUCT_NAME = "$(TARGET_NAME)";
				SDKROOT = auto;
				SUPPORTED_PLATFORMS = "iphoneos iphonesimulator macosx";
				SWIFT_EMIT_LOC_STRINGS = YES;
				SWIFT_VERSION = 5.0;
				TARGETED_DEVICE_FAMILY = "1,2";
			};
			name = Release;
		};
		3875ABD42AFF815E00C03D62 /* Debug */ = {
			isa = XCBuildConfiguration;
			buildSettings = {
				ALWAYS_EMBED_SWIFT_STANDARD_LIBRARIES = YES;
				BUNDLE_LOADER = "$(TEST_HOST)";
				CODE_SIGN_STYLE = Automatic;
				CURRENT_PROJECT_VERSION = 1;
				GENERATE_INFOPLIST_FILE = YES;
				IPHONEOS_DEPLOYMENT_TARGET = 17.0;
				MACOSX_DEPLOYMENT_TARGET = 13.6;
				MARKETING_VERSION = 1.0;
				PRODUCT_BUNDLE_IDENTIFIER = JM.JMBeDataTests;
				PRODUCT_NAME = "$(TARGET_NAME)";
				SDKROOT = auto;
				SUPPORTED_PLATFORMS = "iphoneos iphonesimulator macosx";
				SWIFT_EMIT_LOC_STRINGS = NO;
				SWIFT_VERSION = 5.0;
				TARGETED_DEVICE_FAMILY = "1,2";
				TEST_HOST = "$(BUILT_PRODUCTS_DIR)/JMBeData.app/$(BUNDLE_EXECUTABLE_FOLDER_PATH)/JMBeData";
			};
			name = Debug;
		};
		3875ABD52AFF815E00C03D62 /* Release */ = {
			isa = XCBuildConfiguration;
			buildSettings = {
				ALWAYS_EMBED_SWIFT_STANDARD_LIBRARIES = YES;
				BUNDLE_LOADER = "$(TEST_HOST)";
				CODE_SIGN_STYLE = Automatic;
				CURRENT_PROJECT_VERSION = 1;
				GENERATE_INFOPLIST_FILE = YES;
				IPHONEOS_DEPLOYMENT_TARGET = 17.0;
				MACOSX_DEPLOYMENT_TARGET = 13.6;
				MARKETING_VERSION = 1.0;
				PRODUCT_BUNDLE_IDENTIFIER = JM.JMBeDataTests;
				PRODUCT_NAME = "$(TARGET_NAME)";
				SDKROOT = auto;
				SUPPORTED_PLATFORMS = "iphoneos iphonesimulator macosx";
				SWIFT_EMIT_LOC_STRINGS = NO;
				SWIFT_VERSION = 5.0;
				TARGETED_DEVICE_FAMILY = "1,2";
				TEST_HOST = "$(BUILT_PRODUCTS_DIR)/JMBeData.app/$(BUNDLE_EXECUTABLE_FOLDER_PATH)/JMBeData";
			};
			name = Release;
		};
		3875ABD72AFF815E00C03D62 /* Debug */ = {
			isa = XCBuildConfiguration;
			buildSettings = {
				ALWAYS_EMBED_SWIFT_STANDARD_LIBRARIES = YES;
				CODE_SIGN_STYLE = Automatic;
				CURRENT_PROJECT_VERSION = 1;
				GENERATE_INFOPLIST_FILE = YES;
				IPHONEOS_DEPLOYMENT_TARGET = 17.0;
				MACOSX_DEPLOYMENT_TARGET = 13.6;
				MARKETING_VERSION = 1.0;
				PRODUCT_BUNDLE_IDENTIFIER = JM.JMBeDataUITests;
				PRODUCT_NAME = "$(TARGET_NAME)";
				SDKROOT = auto;
				SUPPORTED_PLATFORMS = "iphoneos iphonesimulator macosx";
				SWIFT_EMIT_LOC_STRINGS = NO;
				SWIFT_VERSION = 5.0;
				TARGETED_DEVICE_FAMILY = "1,2";
				TEST_TARGET_NAME = JMBeData;
			};
			name = Debug;
		};
		3875ABD82AFF815E00C03D62 /* Release */ = {
			isa = XCBuildConfiguration;
			buildSettings = {
				ALWAYS_EMBED_SWIFT_STANDARD_LIBRARIES = YES;
				CODE_SIGN_STYLE = Automatic;
				CURRENT_PROJECT_VERSION = 1;
				GENERATE_INFOPLIST_FILE = YES;
				IPHONEOS_DEPLOYMENT_TARGET = 17.0;
				MACOSX_DEPLOYMENT_TARGET = 13.6;
				MARKETING_VERSION = 1.0;
				PRODUCT_BUNDLE_IDENTIFIER = JM.JMBeDataUITests;
				PRODUCT_NAME = "$(TARGET_NAME)";
				SDKROOT = auto;
				SUPPORTED_PLATFORMS = "iphoneos iphonesimulator macosx";
				SWIFT_EMIT_LOC_STRINGS = NO;
				SWIFT_VERSION = 5.0;
				TARGETED_DEVICE_FAMILY = "1,2";
				TEST_TARGET_NAME = JMBeData;
			};
			name = Release;
		};
/* End XCBuildConfiguration section */

/* Begin XCConfigurationList section */
		3875ABA12AFF815200C03D62 /* Build configuration list for PBXProject "JMBeData" */ = {
			isa = XCConfigurationList;
			buildConfigurations = (
				3875ABCE2AFF815E00C03D62 /* Debug */,
				3875ABCF2AFF815E00C03D62 /* Release */,
			);
			defaultConfigurationIsVisible = 0;
			defaultConfigurationName = Release;
		};
		3875ABD02AFF815E00C03D62 /* Build configuration list for PBXNativeTarget "JMBeData" */ = {
			isa = XCConfigurationList;
			buildConfigurations = (
				3875ABD12AFF815E00C03D62 /* Debug */,
				3875ABD22AFF815E00C03D62 /* Release */,
			);
			defaultConfigurationIsVisible = 0;
			defaultConfigurationName = Release;
		};
		3875ABD32AFF815E00C03D62 /* Build configuration list for PBXNativeTarget "JMBeDataTests" */ = {
			isa = XCConfigurationList;
			buildConfigurations = (
				3875ABD42AFF815E00C03D62 /* Debug */,
				3875ABD52AFF815E00C03D62 /* Release */,
			);
			defaultConfigurationIsVisible = 0;
			defaultConfigurationName = Release;
		};
		3875ABD62AFF815E00C03D62 /* Build configuration list for PBXNativeTarget "JMBeDataUITests" */ = {
			isa = XCConfigurationList;
			buildConfigurations = (
				3875ABD72AFF815E00C03D62 /* Debug */,
				3875ABD82AFF815E00C03D62 /* Release */,
			);
			defaultConfigurationIsVisible = 0;
			defaultConfigurationName = Release;
		};
/* End XCConfigurationList section */

/* Begin XCVersionGroup section */
		3875ABAD2AFF815200C03D62 /* JMBeData.xcdatamodeld */ = {
			isa = XCVersionGroup;
			children = (
				3875ABAE2AFF815200C03D62 /* JMBeData.xcdatamodel */,
			);
			currentVersion = 3875ABAE2AFF815200C03D62 /* JMBeData.xcdatamodel */;
			path = JMBeData.xcdatamodeld;
			sourceTree = "<group>";
			versionGroupType = wrapper.xcdatamodel;
		};
/* End XCVersionGroup section */
	};
	rootObject = 3875AB9E2AFF815200C03D62 /* Project object */;
}
