// !$*UTF8*$!
{
	archiveVersion = 1;
	classes = {
	};
	objectVersion = 56;
	objects = {

/* Begin PBXBuildFile section */
		381BB2622AF63CD30055FC21 /* jmbdeApp.swift in Sources */ = {isa = PBXBuildFile; fileRef = 381BB2612AF63CD30055FC21 /* jmbdeApp.swift */; };
		381BB2642AF63CD30055FC21 /* ContentView.swift in Sources */ = {isa = PBXBuildFile; fileRef = 381BB2632AF63CD30055FC21 /* ContentView.swift */; };
		381BB2662AF63CD30055FC21 /* Item.swift in Sources */ = {isa = PBXBuildFile; fileRef = 381BB2652AF63CD30055FC21 /* Item.swift */; };
		381BB2682AF63CEC0055FC21 /* Assets.xcassets in Resources */ = {isa = PBXBuildFile; fileRef = 381BB2672AF63CEC0055FC21 /* Assets.xcassets */; };
		381BB26C2AF63CEC0055FC21 /* Preview Assets.xcassets in Resources */ = {isa = PBXBuildFile; fileRef = 381BB26B2AF63CEC0055FC21 /* Preview Assets.xcassets */; };
		381BB2762AF63CEF0055FC21 /* jmbdeTests.swift in Sources */ = {isa = PBXBuildFile; fileRef = 381BB2752AF63CEF0055FC21 /* jmbdeTests.swift */; };
		381BB2802AF63CEF0055FC21 /* jmbdeUITests.swift in Sources */ = {isa = PBXBuildFile; fileRef = 381BB27F2AF63CEF0055FC21 /* jmbdeUITests.swift */; };
		381BB2822AF63CEF0055FC21 /* jmbdeUITestsLaunchTests.swift in Sources */ = {isa = PBXBuildFile; fileRef = 381BB2812AF63CEF0055FC21 /* jmbdeUITestsLaunchTests.swift */; };
/* End PBXBuildFile section */

/* Begin PBXContainerItemProxy section */
		381BB2722AF63CEF0055FC21 /* PBXContainerItemProxy */ = {
			isa = PBXContainerItemProxy;
			containerPortal = 381BB2562AF63CD20055FC21 /* Project object */;
			proxyType = 1;
			remoteGlobalIDString = 381BB25D2AF63CD20055FC21;
			remoteInfo = jmbde;
		};
		381BB27C2AF63CEF0055FC21 /* PBXContainerItemProxy */ = {
			isa = PBXContainerItemProxy;
			containerPortal = 381BB2562AF63CD20055FC21 /* Project object */;
			proxyType = 1;
			remoteGlobalIDString = 381BB25D2AF63CD20055FC21;
			remoteInfo = jmbde;
		};
/* End PBXContainerItemProxy section */

/* Begin PBXFileReference section */
		381BB25E2AF63CD30055FC21 /* jmbde.app */ = {isa = PBXFileReference; explicitFileType = wrapper.application; includeInIndex = 0; path = jmbde.app; sourceTree = BUILT_PRODUCTS_DIR; };
		381BB2612AF63CD30055FC21 /* jmbdeApp.swift */ = {isa = PBXFileReference; lastKnownFileType = sourcecode.swift; path = jmbdeApp.swift; sourceTree = "<group>"; };
		381BB2632AF63CD30055FC21 /* ContentView.swift */ = {isa = PBXFileReference; lastKnownFileType = sourcecode.swift; path = ContentView.swift; sourceTree = "<group>"; };
		381BB2652AF63CD30055FC21 /* Item.swift */ = {isa = PBXFileReference; lastKnownFileType = sourcecode.swift; path = Item.swift; sourceTree = "<group>"; };
		381BB2672AF63CEC0055FC21 /* Assets.xcassets */ = {isa = PBXFileReference; lastKnownFileType = folder.assetcatalog; path = Assets.xcassets; sourceTree = "<group>"; };
		381BB2692AF63CEC0055FC21 /* jmbde.entitlements */ = {isa = PBXFileReference; lastKnownFileType = text.plist.entitlements; path = jmbde.entitlements; sourceTree = "<group>"; };
		381BB26B2AF63CEC0055FC21 /* Preview Assets.xcassets */ = {isa = PBXFileReference; lastKnownFileType = folder.assetcatalog; path = "Preview Assets.xcassets"; sourceTree = "<group>"; };
		381BB2712AF63CEF0055FC21 /* jmbdeTests.xctest */ = {isa = PBXFileReference; explicitFileType = wrapper.cfbundle; includeInIndex = 0; path = jmbdeTests.xctest; sourceTree = BUILT_PRODUCTS_DIR; };
		381BB2752AF63CEF0055FC21 /* jmbdeTests.swift */ = {isa = PBXFileReference; lastKnownFileType = sourcecode.swift; path = jmbdeTests.swift; sourceTree = "<group>"; };
		381BB27B2AF63CEF0055FC21 /* jmbdeUITests.xctest */ = {isa = PBXFileReference; explicitFileType = wrapper.cfbundle; includeInIndex = 0; path = jmbdeUITests.xctest; sourceTree = BUILT_PRODUCTS_DIR; };
		381BB27F2AF63CEF0055FC21 /* jmbdeUITests.swift */ = {isa = PBXFileReference; lastKnownFileType = sourcecode.swift; path = jmbdeUITests.swift; sourceTree = "<group>"; };
		381BB2812AF63CEF0055FC21 /* jmbdeUITestsLaunchTests.swift */ = {isa = PBXFileReference; lastKnownFileType = sourcecode.swift; path = jmbdeUITestsLaunchTests.swift; sourceTree = "<group>"; };
/* End PBXFileReference section */

/* Begin PBXFrameworksBuildPhase section */
		381BB25B2AF63CD20055FC21 /* Frameworks */ = {
			isa = PBXFrameworksBuildPhase;
			buildActionMask = 2147483647;
			files = (
			);
			runOnlyForDeploymentPostprocessing = 0;
		};
		381BB26E2AF63CEF0055FC21 /* Frameworks */ = {
			isa = PBXFrameworksBuildPhase;
			buildActionMask = 2147483647;
			files = (
			);
			runOnlyForDeploymentPostprocessing = 0;
		};
		381BB2782AF63CEF0055FC21 /* Frameworks */ = {
			isa = PBXFrameworksBuildPhase;
			buildActionMask = 2147483647;
			files = (
			);
			runOnlyForDeploymentPostprocessing = 0;
		};
/* End PBXFrameworksBuildPhase section */

/* Begin PBXGroup section */
		381BB2552AF63CD20055FC21 = {
			isa = PBXGroup;
			children = (
				381BB2602AF63CD30055FC21 /* jmbde */,
				381BB2742AF63CEF0055FC21 /* jmbdeTests */,
				381BB27E2AF63CEF0055FC21 /* jmbdeUITests */,
				381BB25F2AF63CD30055FC21 /* Products */,
			);
			sourceTree = "<group>";
		};
		381BB25F2AF63CD30055FC21 /* Products */ = {
			isa = PBXGroup;
			children = (
				381BB25E2AF63CD30055FC21 /* jmbde.app */,
				381BB2712AF63CEF0055FC21 /* jmbdeTests.xctest */,
				381BB27B2AF63CEF0055FC21 /* jmbdeUITests.xctest */,
			);
			name = Products;
			sourceTree = "<group>";
		};
		381BB2602AF63CD30055FC21 /* jmbde */ = {
			isa = PBXGroup;
			children = (
				381BB2612AF63CD30055FC21 /* jmbdeApp.swift */,
				381BB2632AF63CD30055FC21 /* ContentView.swift */,
				381BB2652AF63CD30055FC21 /* Item.swift */,
				381BB2672AF63CEC0055FC21 /* Assets.xcassets */,
				381BB2692AF63CEC0055FC21 /* jmbde.entitlements */,
				381BB26A2AF63CEC0055FC21 /* Preview Content */,
			);
			path = jmbde;
			sourceTree = "<group>";
		};
		381BB26A2AF63CEC0055FC21 /* Preview Content */ = {
			isa = PBXGroup;
			children = (
				381BB26B2AF63CEC0055FC21 /* Preview Assets.xcassets */,
			);
			path = "Preview Content";
			sourceTree = "<group>";
		};
		381BB2742AF63CEF0055FC21 /* jmbdeTests */ = {
			isa = PBXGroup;
			children = (
				381BB2752AF63CEF0055FC21 /* jmbdeTests.swift */,
			);
			path = jmbdeTests;
			sourceTree = "<group>";
		};
		381BB27E2AF63CEF0055FC21 /* jmbdeUITests */ = {
			isa = PBXGroup;
			children = (
				381BB27F2AF63CEF0055FC21 /* jmbdeUITests.swift */,
				381BB2812AF63CEF0055FC21 /* jmbdeUITestsLaunchTests.swift */,
			);
			path = jmbdeUITests;
			sourceTree = "<group>";
		};
/* End PBXGroup section */

/* Begin PBXNativeTarget section */
		381BB25D2AF63CD20055FC21 /* jmbde */ = {
			isa = PBXNativeTarget;
			buildConfigurationList = 381BB2852AF63CEF0055FC21 /* Build configuration list for PBXNativeTarget "jmbde" */;
			buildPhases = (
				381BB25A2AF63CD20055FC21 /* Sources */,
				381BB25B2AF63CD20055FC21 /* Frameworks */,
				381BB25C2AF63CD20055FC21 /* Resources */,
			);
			buildRules = (
			);
			dependencies = (
			);
			name = jmbde;
			productName = jmbde;
			productReference = 381BB25E2AF63CD30055FC21 /* jmbde.app */;
			productType = "com.apple.product-type.application";
		};
		381BB2702AF63CEF0055FC21 /* jmbdeTests */ = {
			isa = PBXNativeTarget;
			buildConfigurationList = 381BB2882AF63CEF0055FC21 /* Build configuration list for PBXNativeTarget "jmbdeTests" */;
			buildPhases = (
				381BB26D2AF63CEF0055FC21 /* Sources */,
				381BB26E2AF63CEF0055FC21 /* Frameworks */,
				381BB26F2AF63CEF0055FC21 /* Resources */,
			);
			buildRules = (
			);
			dependencies = (
				381BB2732AF63CEF0055FC21 /* PBXTargetDependency */,
			);
			name = jmbdeTests;
			productName = jmbdeTests;
			productReference = 381BB2712AF63CEF0055FC21 /* jmbdeTests.xctest */;
			productType = "com.apple.product-type.bundle.unit-test";
		};
		381BB27A2AF63CEF0055FC21 /* jmbdeUITests */ = {
			isa = PBXNativeTarget;
			buildConfigurationList = 381BB28B2AF63CEF0055FC21 /* Build configuration list for PBXNativeTarget "jmbdeUITests" */;
			buildPhases = (
				381BB2772AF63CEF0055FC21 /* Sources */,
				381BB2782AF63CEF0055FC21 /* Frameworks */,
				381BB2792AF63CEF0055FC21 /* Resources */,
			);
			buildRules = (
			);
			dependencies = (
				381BB27D2AF63CEF0055FC21 /* PBXTargetDependency */,
			);
			name = jmbdeUITests;
			productName = jmbdeUITests;
			productReference = 381BB27B2AF63CEF0055FC21 /* jmbdeUITests.xctest */;
			productType = "com.apple.product-type.bundle.ui-testing";
		};
/* End PBXNativeTarget section */

/* Begin PBXProject section */
		381BB2562AF63CD20055FC21 /* Project object */ = {
			isa = PBXProject;
			attributes = {
				BuildIndependentTargetsInParallel = 1;
				LastSwiftUpdateCheck = 1500;
				LastUpgradeCheck = 1500;
				TargetAttributes = {
					381BB25D2AF63CD20055FC21 = {
						CreatedOnToolsVersion = 15.0.1;
					};
					381BB2702AF63CEF0055FC21 = {
						CreatedOnToolsVersion = 15.0.1;
						TestTargetID = 381BB25D2AF63CD20055FC21;
					};
					381BB27A2AF63CEF0055FC21 = {
						CreatedOnToolsVersion = 15.0.1;
						TestTargetID = 381BB25D2AF63CD20055FC21;
					};
				};
			};
			buildConfigurationList = 381BB2592AF63CD20055FC21 /* Build configuration list for PBXProject "jmbde" */;
			compatibilityVersion = "Xcode 14.0";
			developmentRegion = en;
			hasScannedForEncodings = 0;
			knownRegions = (
				en,
				Base,
			);
			mainGroup = 381BB2552AF63CD20055FC21;
			productRefGroup = 381BB25F2AF63CD30055FC21 /* Products */;
			projectDirPath = "";
			projectRoot = "";
			targets = (
				381BB25D2AF63CD20055FC21 /* jmbde */,
				381BB2702AF63CEF0055FC21 /* jmbdeTests */,
				381BB27A2AF63CEF0055FC21 /* jmbdeUITests */,
			);
		};
/* End PBXProject section */

/* Begin PBXResourcesBuildPhase section */
		381BB25C2AF63CD20055FC21 /* Resources */ = {
			isa = PBXResourcesBuildPhase;
			buildActionMask = 2147483647;
			files = (
				381BB26C2AF63CEC0055FC21 /* Preview Assets.xcassets in Resources */,
				381BB2682AF63CEC0055FC21 /* Assets.xcassets in Resources */,
			);
			runOnlyForDeploymentPostprocessing = 0;
		};
		381BB26F2AF63CEF0055FC21 /* Resources */ = {
			isa = PBXResourcesBuildPhase;
			buildActionMask = 2147483647;
			files = (
			);
			runOnlyForDeploymentPostprocessing = 0;
		};
		381BB2792AF63CEF0055FC21 /* Resources */ = {
			isa = PBXResourcesBuildPhase;
			buildActionMask = 2147483647;
			files = (
			);
			runOnlyForDeploymentPostprocessing = 0;
		};
/* End PBXResourcesBuildPhase section */

/* Begin PBXSourcesBuildPhase section */
		381BB25A2AF63CD20055FC21 /* Sources */ = {
			isa = PBXSourcesBuildPhase;
			buildActionMask = 2147483647;
			files = (
				381BB2642AF63CD30055FC21 /* ContentView.swift in Sources */,
				381BB2662AF63CD30055FC21 /* Item.swift in Sources */,
				381BB2622AF63CD30055FC21 /* jmbdeApp.swift in Sources */,
			);
			runOnlyForDeploymentPostprocessing = 0;
		};
		381BB26D2AF63CEF0055FC21 /* Sources */ = {
			isa = PBXSourcesBuildPhase;
			buildActionMask = 2147483647;
			files = (
				381BB2762AF63CEF0055FC21 /* jmbdeTests.swift in Sources */,
			);
			runOnlyForDeploymentPostprocessing = 0;
		};
		381BB2772AF63CEF0055FC21 /* Sources */ = {
			isa = PBXSourcesBuildPhase;
			buildActionMask = 2147483647;
			files = (
				381BB2802AF63CEF0055FC21 /* jmbdeUITests.swift in Sources */,
				381BB2822AF63CEF0055FC21 /* jmbdeUITestsLaunchTests.swift in Sources */,
			);
			runOnlyForDeploymentPostprocessing = 0;
		};
/* End PBXSourcesBuildPhase section */

/* Begin PBXTargetDependency section */
		381BB2732AF63CEF0055FC21 /* PBXTargetDependency */ = {
			isa = PBXTargetDependency;
			target = 381BB25D2AF63CD20055FC21 /* jmbde */;
			targetProxy = 381BB2722AF63CEF0055FC21 /* PBXContainerItemProxy */;
		};
		381BB27D2AF63CEF0055FC21 /* PBXTargetDependency */ = {
			isa = PBXTargetDependency;
			target = 381BB25D2AF63CD20055FC21 /* jmbde */;
			targetProxy = 381BB27C2AF63CEF0055FC21 /* PBXContainerItemProxy */;
		};
/* End PBXTargetDependency section */

/* Begin XCBuildConfiguration section */
		381BB2832AF63CEF0055FC21 /* Debug */ = {
			isa = XCBuildConfiguration;
			buildSettings = {
				ALWAYS_SEARCH_USER_PATHS = NO;
				ASSETCATALOG_COMPILER_GENERATE_SWIFT_ASSET_SYMBOL_EXTENSIONS = YES;
				CLANG_ANALYZER_NONNULL = YES;
				CLANG_ANALYZER_NUMBER_OBJECT_CONVERSION = YES_AGGRESSIVE;
				CLANG_CXX_LANGUAGE_STANDARD = "gnu++20";
				CLANG_ENABLE_MODULES = YES;
				CLANG_ENABLE_OBJC_ARC = YES;
				CLANG_ENABLE_OBJC_WEAK = YES;
				CLANG_WARN_BLOCK_CAPTURE_AUTORELEASING = YES;
				CLANG_WARN_BOOL_CONVERSION = YES;
				CLANG_WARN_COMMA = YES;
				CLANG_WARN_CONSTANT_CONVERSION = YES;
				CLANG_WARN_DEPRECATED_OBJC_IMPLEMENTATIONS = YES;
				CLANG_WARN_DIRECT_OBJC_ISA_USAGE = YES_ERROR;
				CLANG_WARN_DOCUMENTATION_COMMENTS = YES;
				CLANG_WARN_EMPTY_BODY = YES;
				CLANG_WARN_ENUM_CONVERSION = YES;
				CLANG_WARN_INFINITE_RECURSION = YES;
				CLANG_WARN_INT_CONVERSION = YES;
				CLANG_WARN_NON_LITERAL_NULL_CONVERSION = YES;
				CLANG_WARN_OBJC_IMPLICIT_RETAIN_SELF = YES;
				CLANG_WARN_OBJC_LITERAL_CONVERSION = YES;
				CLANG_WARN_OBJC_ROOT_CLASS = YES_ERROR;
				CLANG_WARN_QUOTED_INCLUDE_IN_FRAMEWORK_HEADER = YES;
				CLANG_WARN_RANGE_LOOP_ANALYSIS = YES;
				CLANG_WARN_STRICT_PROTOTYPES = YES;
				CLANG_WARN_SUSPICIOUS_MOVE = YES;
				CLANG_WARN_UNGUARDED_AVAILABILITY = YES_AGGRESSIVE;
				CLANG_WARN_UNREACHABLE_CODE = YES;
				CLANG_WARN__DUPLICATE_METHOD_MATCH = YES;
				COPY_PHASE_STRIP = NO;
				DEBUG_INFORMATION_FORMAT = dwarf;
				ENABLE_STRICT_OBJC_MSGSEND = YES;
				ENABLE_TESTABILITY = YES;
				ENABLE_USER_SCRIPT_SANDBOXING = YES;
				GCC_C_LANGUAGE_STANDARD = gnu17;
				GCC_DYNAMIC_NO_PIC = NO;
				GCC_NO_COMMON_BLOCKS = YES;
				GCC_OPTIMIZATION_LEVEL = 0;
				GCC_PREPROCESSOR_DEFINITIONS = (
					"DEBUG=1",
					"$(inherited)",
				);
				GCC_WARN_64_TO_32_BIT_CONVERSION = YES;
				GCC_WARN_ABOUT_RETURN_TYPE = YES_ERROR;
				GCC_WARN_UNDECLARED_SELECTOR = YES;
				GCC_WARN_UNINITIALIZED_AUTOS = YES_AGGRESSIVE;
				GCC_WARN_UNUSED_FUNCTION = YES;
				GCC_WARN_UNUSED_VARIABLE = YES;
				LOCALIZATION_PREFERS_STRING_CATALOGS = YES;
				MTL_ENABLE_DEBUG_INFO = INCLUDE_SOURCE;
				MTL_FAST_MATH = YES;
				ONLY_ACTIVE_ARCH = YES;
				SWIFT_ACTIVE_COMPILATION_CONDITIONS = "DEBUG $(inherited)";
				SWIFT_OPTIMIZATION_LEVEL = "-Onone";
			};
			name = Debug;
		};
		381BB2842AF63CEF0055FC21 /* Release */ = {
			isa = XCBuildConfiguration;
			buildSettings = {
				ALWAYS_SEARCH_USER_PATHS = NO;
				ASSETCATALOG_COMPILER_GENERATE_SWIFT_ASSET_SYMBOL_EXTENSIONS = YES;
				CLANG_ANALYZER_NONNULL = YES;
				CLANG_ANALYZER_NUMBER_OBJECT_CONVERSION = YES_AGGRESSIVE;
				CLANG_CXX_LANGUAGE_STANDARD = "gnu++20";
				CLANG_ENABLE_MODULES = YES;
				CLANG_ENABLE_OBJC_ARC = YES;
				CLANG_ENABLE_OBJC_WEAK = YES;
				CLANG_WARN_BLOCK_CAPTURE_AUTORELEASING = YES;
				CLANG_WARN_BOOL_CONVERSION = YES;
				CLANG_WARN_COMMA = YES;
				CLANG_WARN_CONSTANT_CONVERSION = YES;
				CLANG_WARN_DEPRECATED_OBJC_IMPLEMENTATIONS = YES;
				CLANG_WARN_DIRECT_OBJC_ISA_USAGE = YES_ERROR;
				CLANG_WARN_DOCUMENTATION_COMMENTS = YES;
				CLANG_WARN_EMPTY_BODY = YES;
				CLANG_WARN_ENUM_CONVERSION = YES;
				CLANG_WARN_INFINITE_RECURSION = YES;
				CLANG_WARN_INT_CONVERSION = YES;
				CLANG_WARN_NON_LITERAL_NULL_CONVERSION = YES;
				CLANG_WARN_OBJC_IMPLICIT_RETAIN_SELF = YES;
				CLANG_WARN_OBJC_LITERAL_CONVERSION = YES;
				CLANG_WARN_OBJC_ROOT_CLASS = YES_ERROR;
				CLANG_WARN_QUOTED_INCLUDE_IN_FRAMEWORK_HEADER = YES;
				CLANG_WARN_RANGE_LOOP_ANALYSIS = YES;
				CLANG_WARN_STRICT_PROTOTYPES = YES;
				CLANG_WARN_SUSPICIOUS_MOVE = YES;
				CLANG_WARN_UNGUARDED_AVAILABILITY = YES_AGGRESSIVE;
				CLANG_WARN_UNREACHABLE_CODE = YES;
				CLANG_WARN__DUPLICATE_METHOD_MATCH = YES;
				COPY_PHASE_STRIP = NO;
				DEBUG_INFORMATION_FORMAT = "dwarf-with-dsym";
				ENABLE_NS_ASSERTIONS = NO;
				ENABLE_STRICT_OBJC_MSGSEND = YES;
				ENABLE_USER_SCRIPT_SANDBOXING = YES;
				GCC_C_LANGUAGE_STANDARD = gnu17;
				GCC_NO_COMMON_BLOCKS = YES;
				GCC_WARN_64_TO_32_BIT_CONVERSION = YES;
				GCC_WARN_ABOUT_RETURN_TYPE = YES_ERROR;
				GCC_WARN_UNDECLARED_SELECTOR = YES;
				GCC_WARN_UNINITIALIZED_AUTOS = YES_AGGRESSIVE;
				GCC_WARN_UNUSED_FUNCTION = YES;
				GCC_WARN_UNUSED_VARIABLE = YES;
				LOCALIZATION_PREFERS_STRING_CATALOGS = YES;
				MTL_ENABLE_DEBUG_INFO = NO;
				MTL_FAST_MATH = YES;
				SWIFT_COMPILATION_MODE = wholemodule;
			};
			name = Release;
		};
		381BB2862AF63CEF0055FC21 /* Debug */ = {
			isa = XCBuildConfiguration;
			buildSettings = {
				ASSETCATALOG_COMPILER_APPICON_NAME = AppIcon;
				ASSETCATALOG_COMPILER_GLOBAL_ACCENT_COLOR_NAME = AccentColor;
				CODE_SIGN_ENTITLEMENTS = jmbde/jmbde.entitlements;
				CODE_SIGN_STYLE = Automatic;
				CURRENT_PROJECT_VERSION = 1;
				DEVELOPMENT_ASSET_PATHS = "\"jmbde/Preview Content\"";
				ENABLE_PREVIEWS = YES;
				GENERATE_INFOPLIST_FILE = YES;
				"INFOPLIST_KEY_UIApplicationSceneManifest_Generation[sdk=iphoneos*]" = YES;
				"INFOPLIST_KEY_UIApplicationSceneManifest_Generation[sdk=iphonesimulator*]" = YES;
				"INFOPLIST_KEY_UIApplicationSupportsIndirectInputEvents[sdk=iphoneos*]" = YES;
				"INFOPLIST_KEY_UIApplicationSupportsIndirectInputEvents[sdk=iphonesimulator*]" = YES;
				"INFOPLIST_KEY_UILaunchScreen_Generation[sdk=iphoneos*]" = YES;
				"INFOPLIST_KEY_UILaunchScreen_Generation[sdk=iphonesimulator*]" = YES;
				"INFOPLIST_KEY_UIStatusBarStyle[sdk=iphoneos*]" = UIStatusBarStyleDefault;
				"INFOPLIST_KEY_UIStatusBarStyle[sdk=iphonesimulator*]" = UIStatusBarStyleDefault;
				INFOPLIST_KEY_UISupportedInterfaceOrientations_iPad = "UIInterfaceOrientationPortrait UIInterfaceOrientationPortraitUpsideDown UIInterfaceOrientationLandscapeLeft UIInterfaceOrientationLandscapeRight";
				INFOPLIST_KEY_UISupportedInterfaceOrientations_iPhone = "UIInterfaceOrientationPortrait UIInterfaceOrientationLandscapeLeft UIInterfaceOrientationLandscapeRight";
				IPHONEOS_DEPLOYMENT_TARGET = 17.0;
				LD_RUNPATH_SEARCH_PATHS = "@executable_path/Frameworks";
				"LD_RUNPATH_SEARCH_PATHS[sdk=macosx*]" = "@executable_path/../Frameworks";
				MACOSX_DEPLOYMENT_TARGET = 14.0;
				MARKETING_VERSION = 1.0;
				PRODUCT_BUNDLE_IDENTIFIER = JM.jmbde;
				PRODUCT_NAME = "$(TARGET_NAME)";
				SDKROOT = auto;
				SUPPORTED_PLATFORMS = "iphoneos iphonesimulator macosx";
				SWIFT_EMIT_LOC_STRINGS = YES;
				SWIFT_VERSION = 5.0;
				TARGETED_DEVICE_FAMILY = "1,2";
			};
			name = Debug;
		};
		381BB2872AF63CEF0055FC21 /* Release */ = {
			isa = XCBuildConfiguration;
			buildSettings = {
				ASSETCATALOG_COMPILER_APPICON_NAME = AppIcon;
				ASSETCATALOG_COMPILER_GLOBAL_ACCENT_COLOR_NAME = AccentColor;
				CODE_SIGN_ENTITLEMENTS = jmbde/jmbde.entitlements;
				CODE_SIGN_STYLE = Automatic;
				CURRENT_PROJECT_VERSION = 1;
				DEVELOPMENT_ASSET_PATHS = "\"jmbde/Preview Content\"";
				ENABLE_PREVIEWS = YES;
				GENERATE_INFOPLIST_FILE = YES;
				"INFOPLIST_KEY_UIApplicationSceneManifest_Generation[sdk=iphoneos*]" = YES;
				"INFOPLIST_KEY_UIApplicationSceneManifest_Generation[sdk=iphonesimulator*]" = YES;
				"INFOPLIST_KEY_UIApplicationSupportsIndirectInputEvents[sdk=iphoneos*]" = YES;
				"INFOPLIST_KEY_UIApplicationSupportsIndirectInputEvents[sdk=iphonesimulator*]" = YES;
				"INFOPLIST_KEY_UILaunchScreen_Generation[sdk=iphoneos*]" = YES;
				"INFOPLIST_KEY_UILaunchScreen_Generation[sdk=iphonesimulator*]" = YES;
				"INFOPLIST_KEY_UIStatusBarStyle[sdk=iphoneos*]" = UIStatusBarStyleDefault;
				"INFOPLIST_KEY_UIStatusBarStyle[sdk=iphonesimulator*]" = UIStatusBarStyleDefault;
				INFOPLIST_KEY_UISupportedInterfaceOrientations_iPad = "UIInterfaceOrientationPortrait UIInterfaceOrientationPortraitUpsideDown UIInterfaceOrientationLandscapeLeft UIInterfaceOrientationLandscapeRight";
				INFOPLIST_KEY_UISupportedInterfaceOrientations_iPhone = "UIInterfaceOrientationPortrait UIInterfaceOrientationLandscapeLeft UIInterfaceOrientationLandscapeRight";
				IPHONEOS_DEPLOYMENT_TARGET = 17.0;
				LD_RUNPATH_SEARCH_PATHS = "@executable_path/Frameworks";
				"LD_RUNPATH_SEARCH_PATHS[sdk=macosx*]" = "@executable_path/../Frameworks";
				MACOSX_DEPLOYMENT_TARGET = 14.0;
				MARKETING_VERSION = 1.0;
				PRODUCT_BUNDLE_IDENTIFIER = JM.jmbde;
				PRODUCT_NAME = "$(TARGET_NAME)";
				SDKROOT = auto;
				SUPPORTED_PLATFORMS = "iphoneos iphonesimulator macosx";
				SWIFT_EMIT_LOC_STRINGS = YES;
				SWIFT_VERSION = 5.0;
				TARGETED_DEVICE_FAMILY = "1,2";
			};
			name = Release;
		};
		381BB2892AF63CEF0055FC21 /* Debug */ = {
			isa = XCBuildConfiguration;
			buildSettings = {
				ALWAYS_EMBED_SWIFT_STANDARD_LIBRARIES = YES;
				BUNDLE_LOADER = "$(TEST_HOST)";
				CODE_SIGN_STYLE = Automatic;
				CURRENT_PROJECT_VERSION = 1;
				GENERATE_INFOPLIST_FILE = YES;
				IPHONEOS_DEPLOYMENT_TARGET = 17.0;
				MACOSX_DEPLOYMENT_TARGET = 13.6;
				MARKETING_VERSION = 1.0;
				PRODUCT_BUNDLE_IDENTIFIER = JM.jmbdeTests;
				PRODUCT_NAME = "$(TARGET_NAME)";
				SDKROOT = auto;
				SUPPORTED_PLATFORMS = "iphoneos iphonesimulator macosx";
				SWIFT_EMIT_LOC_STRINGS = NO;
				SWIFT_VERSION = 5.0;
				TARGETED_DEVICE_FAMILY = "1,2";
				TEST_HOST = "$(BUILT_PRODUCTS_DIR)/jmbde.app/$(BUNDLE_EXECUTABLE_FOLDER_PATH)/jmbde";
			};
			name = Debug;
		};
		381BB28A2AF63CEF0055FC21 /* Release */ = {
			isa = XCBuildConfiguration;
			buildSettings = {
				ALWAYS_EMBED_SWIFT_STANDARD_LIBRARIES = YES;
				BUNDLE_LOADER = "$(TEST_HOST)";
				CODE_SIGN_STYLE = Automatic;
				CURRENT_PROJECT_VERSION = 1;
				GENERATE_INFOPLIST_FILE = YES;
				IPHONEOS_DEPLOYMENT_TARGET = 17.0;
				MACOSX_DEPLOYMENT_TARGET = 13.6;
				MARKETING_VERSION = 1.0;
				PRODUCT_BUNDLE_IDENTIFIER = JM.jmbdeTests;
				PRODUCT_NAME = "$(TARGET_NAME)";
				SDKROOT = auto;
				SUPPORTED_PLATFORMS = "iphoneos iphonesimulator macosx";
				SWIFT_EMIT_LOC_STRINGS = NO;
				SWIFT_VERSION = 5.0;
				TARGETED_DEVICE_FAMILY = "1,2";
				TEST_HOST = "$(BUILT_PRODUCTS_DIR)/jmbde.app/$(BUNDLE_EXECUTABLE_FOLDER_PATH)/jmbde";
			};
			name = Release;
		};
		381BB28C2AF63CEF0055FC21 /* Debug */ = {
			isa = XCBuildConfiguration;
			buildSettings = {
				ALWAYS_EMBED_SWIFT_STANDARD_LIBRARIES = YES;
				CODE_SIGN_STYLE = Automatic;
				CURRENT_PROJECT_VERSION = 1;
				GENERATE_INFOPLIST_FILE = YES;
				IPHONEOS_DEPLOYMENT_TARGET = 17.0;
				MACOSX_DEPLOYMENT_TARGET = 13.6;
				MARKETING_VERSION = 1.0;
				PRODUCT_BUNDLE_IDENTIFIER = JM.jmbdeUITests;
				PRODUCT_NAME = "$(TARGET_NAME)";
				SDKROOT = auto;
				SUPPORTED_PLATFORMS = "iphoneos iphonesimulator macosx";
				SWIFT_EMIT_LOC_STRINGS = NO;
				SWIFT_VERSION = 5.0;
				TARGETED_DEVICE_FAMILY = "1,2";
				TEST_TARGET_NAME = jmbde;
			};
			name = Debug;
		};
		381BB28D2AF63CEF0055FC21 /* Release */ = {
			isa = XCBuildConfiguration;
			buildSettings = {
				ALWAYS_EMBED_SWIFT_STANDARD_LIBRARIES = YES;
				CODE_SIGN_STYLE = Automatic;
				CURRENT_PROJECT_VERSION = 1;
				GENERATE_INFOPLIST_FILE = YES;
				IPHONEOS_DEPLOYMENT_TARGET = 17.0;
				MACOSX_DEPLOYMENT_TARGET = 13.6;
				MARKETING_VERSION = 1.0;
				PRODUCT_BUNDLE_IDENTIFIER = JM.jmbdeUITests;
				PRODUCT_NAME = "$(TARGET_NAME)";
				SDKROOT = auto;
				SUPPORTED_PLATFORMS = "iphoneos iphonesimulator macosx";
				SWIFT_EMIT_LOC_STRINGS = NO;
				SWIFT_VERSION = 5.0;
				TARGETED_DEVICE_FAMILY = "1,2";
				TEST_TARGET_NAME = jmbde;
			};
			name = Release;
		};
/* End XCBuildConfiguration section */

/* Begin XCConfigurationList section */
		381BB2592AF63CD20055FC21 /* Build configuration list for PBXProject "jmbde" */ = {
			isa = XCConfigurationList;
			buildConfigurations = (
				381BB2832AF63CEF0055FC21 /* Debug */,
				381BB2842AF63CEF0055FC21 /* Release */,
			);
			defaultConfigurationIsVisible = 0;
			defaultConfigurationName = Release;
		};
		381BB2852AF63CEF0055FC21 /* Build configuration list for PBXNativeTarget "jmbde" */ = {
			isa = XCConfigurationList;
			buildConfigurations = (
				381BB2862AF63CEF0055FC21 /* Debug */,
				381BB2872AF63CEF0055FC21 /* Release */,
			);
			defaultConfigurationIsVisible = 0;
			defaultConfigurationName = Release;
		};
		381BB2882AF63CEF0055FC21 /* Build configuration list for PBXNativeTarget "jmbdeTests" */ = {
			isa = XCConfigurationList;
			buildConfigurations = (
				381BB2892AF63CEF0055FC21 /* Debug */,
				381BB28A2AF63CEF0055FC21 /* Release */,
			);
			defaultConfigurationIsVisible = 0;
			defaultConfigurationName = Release;
		};
		381BB28B2AF63CEF0055FC21 /* Build configuration list for PBXNativeTarget "jmbdeUITests" */ = {
			isa = XCConfigurationList;
			buildConfigurations = (
				381BB28C2AF63CEF0055FC21 /* Debug */,
				381BB28D2AF63CEF0055FC21 /* Release */,
			);
			defaultConfigurationIsVisible = 0;
			defaultConfigurationName = Release;
		};
/* End XCConfigurationList section */
	};
	rootObject = 381BB2562AF63CD20055FC21 /* Project object */;
}
