# THIS IS AN AUTOGENERATED FILE. DO NOT EDIT THIS FILE DIRECTLY.
# yarn lockfile v1


"@astrojs/compiler@^1.5.5":
  version "1.8.2"
  resolved "https://registry.yarnpkg.com/@astrojs/compiler/-/compiler-1.8.2.tgz#f305d5724c45a9932a8ef4e87b2e7227d15d1c2b"
  integrity sha512-o/ObKgtMzl8SlpIdzaxFnt7SATKPxu4oIP/1NL+HDJRzxfJcAkOTAb/ZKMRyULbz4q+1t2/DAebs2Z1QairkZw==

prettier-plugin-astro@^0.12.3:
  version "0.12.3"
  resolved "https://registry.yarnpkg.com/prettier-plugin-astro/-/prettier-plugin-astro-0.12.3.tgz#5e581f71b834cb73a840ffd44381812f236a7a60"
  integrity sha512-GthUSu3zCvmtVyqlArosez0xE08vSJ0R1sWurxIWpABaCkNGYFANoUdFkqmIo54EV2uPLGcVJzOucWvCjPBWvg==
  dependencies:
    "@astrojs/compiler" "^1.5.5"
    prettier "^3.0.0"
    sass-formatter "^0.7.6"

prettier@^3.0.0, prettier@^3.2.4:
  version "3.2.4"
  resolved "https://registry.yarnpkg.com/prettier/-/prettier-3.2.4.tgz#4723cadeac2ce7c9227de758e5ff9b14e075f283"
  integrity sha512-FWu1oLHKCrtpO1ypU6J0SbK2d9Ckwysq6bHj/uaCP26DxrPpppCLQRGVuqAxSTvhF00AcvDRyYrLNW7ocBhFFQ==

s.color@0.0.15:
  version "0.0.15"
  resolved "https://registry.yarnpkg.com/s.color/-/s.color-0.0.15.tgz#6b32cd22d8dba95703a5122ddede2020a1560186"
  integrity sha512-AUNrbEUHeKY8XsYr/DYpl+qk5+aM+DChopnWOPEzn8YKzOhv4l2zH6LzZms3tOZP3wwdOyc0RmTciyi46HLIuA==

sass-formatter@^0.7.6:
  version "0.7.8"
  resolved "https://registry.yarnpkg.com/sass-formatter/-/sass-formatter-0.7.8.tgz#7b648f91e502cd783119eee3c8fffea0d4e07265"
  integrity sha512-7fI2a8THglflhhYis7k06eUf92VQuJoXzEs2KRP0r1bluFxKFvLx0Ns7c478oYGM0fPfrr846ZRWVi2MAgHt9Q==
  dependencies:
    suf-log "^2.5.3"

suf-log@^2.5.3:
  version "2.5.3"
  resolved "https://registry.yarnpkg.com/suf-log/-/suf-log-2.5.3.tgz#0919a7fceea532a99b578c97814c4e335b2d64d1"
  integrity sha512-KvC8OPjzdNOe+xQ4XWJV2whQA0aM1kGVczMQ8+dStAO6KfEB140JEVQ9dE76ONZ0/Ylf67ni4tILPJB41U0eow==
  dependencies:
    s.color "0.0.15"
